{
  "name": "runesmith-basic-example",
  "lockfileVersion": 2,
  "requires": true,
  "packages": {
    "": {
      "name": "runesmith-basic-example",
      "devDependencies": {
        "runesmith": "file:../.."
      }
    },
    "../..": {
      "version": "0.2.0",
      "dev": true,
      "workspaces": [
        "./examples/*"
      ],
      "dependencies": {
        "@vitejs/plugin-react": "^1.0.7",
        "chalk": "^5.0.0",
        "change-case-all": "^1.0.14",
        "cosmiconfig": "^7.0.1",
        "ora": "^6.0.1",
        "prompts": "^2.4.2",
        "react": "^17.0.2",
        "react-dom": "^17.0.2",
        "terminal-link": "^3.0.0",
        "vite": "^2.8.0"
      },
      "bin": {
        "runesmith": "bin/runesmith.js"
      }
    },
    "node_modules/runesmith": {
      "resolved": "../..",
      "link": true
    }
  },
  "dependencies": {
    "runesmith": {
      "version": "file:../..",
      "requires": {
        "@vitejs/plugin-react": "^1.0.7",
        "chalk": "^5.0.0",
        "change-case-all": "^1.0.14",
        "cosmiconfig": "^7.0.1",
        "ora": "^6.0.1",
        "prompts": "^2.4.2",
        "react": "^17.0.2",
        "react-dom": "^17.0.2",
        "terminal-link": "^3.0.0",
        "vite": "^2.8.0"
      }
    }
  }
}
